
Microsoft Visual Studio Solution File, Format Version 12.00
# Visual Studio Version 16
VisualStudioVersion = 16.0.29613.14
MinimumVisualStudioVersion = 10.0.40219.1
Project("{FAE04EC0-301F-11D3-BF4B-00C04F79EFBC}") = "LinkedList", "LinkedList\LinkedList.csproj", "{579E71BD-F268-4C21-A9B8-EB840FA0E71F}"
EndProject
Global
	GlobalSection(SolutionConfigurationPlatforms) = preSolution
		Debug|Any CPU = Debug|Any CPU
		Release|Any CPU = Release|Any CPU
	EndGlobalSection
	GlobalSection(ProjectConfigurationPlatforms) = postSolution
		{579E71BD-F268-4C21-A9B8-EB840FA0E71F}.Debug|Any CPU.ActiveCfg = Debug|Any CPU
		{579E71BD-F268-4C21-A9B8-EB840FA0E71F}.Debug|Any CPU.Build.0 = Debug|Any CPU
		{579E71BD-F268-4C21-A9B8-EB840FA0E71F}.Release|Any CPU.ActiveCfg = Release|Any CPU
		{579E71BD-F268-4C21-A9B8-EB840FA0E71F}.Release|Any CPU.Build.0 = Release|Any CPU
	EndGlobalSection
	GlobalSection(SolutionProperties) = preSolution
		HideSolutionNode = FALSE
	EndGlobalSection
	GlobalSection(ExtensibilityGlobals) = postSolution
		SolutionGuid = {98A9EBB3-8E5F-43AC-AAB7-56E659152D62}
	EndGlobalSection
EndGlobal
